
Microsoft Visual Studio Solution File, Format Version 12.00
# Visual Studio Version 17
VisualStudioVersion = 17.3.32825.248
MinimumVisualStudioVersion = 10.0.40219.1
Project("{FAE04EC0-301F-11D3-BF4B-00C04F79EFBC}") = "SingleResponsibility", "SingleResponsibility\SingleResponsibility.csproj", "{2D981287-0C30-41BD-B07C-D4AF911B9F3C}"
EndProject
Project("{FAE04EC0-301F-11D3-BF4B-00C04F79EFBC}") = "OpenClosed", "OpenClosed\OpenClosed.csproj", "{214BEF20-BD1A-4136-8DEB-3DE30B5A997D}"
EndProject
Project("{FAE04EC0-301F-11D3-BF4B-00C04F79EFBC}") = "LiskovSubstition", "LiskovSubstition\LiskovSubstition.csproj", "{1D6978E1-0FE1-4DA3-AAFD-BC5ADD00115F}"
EndProject
Project("{FAE04EC0-301F-11D3-BF4B-00C04F79EFBC}") = "DependencyInversion", "DependencyInversion\DependencyInversion.csproj", "{03B9FC29-832F-4810-B09D-3D051E5C38D9}"
EndProject
Global
	GlobalSection(SolutionConfigurationPlatforms) = preSolution
		Debug|Any CPU = Debug|Any CPU
		Release|Any CPU = Release|Any CPU
	EndGlobalSection
	GlobalSection(ProjectConfigurationPlatforms) = postSolution
		{2D981287-0C30-41BD-B07C-D4AF911B9F3C}.Debug|Any CPU.ActiveCfg = Debug|Any CPU
		{2D981287-0C30-41BD-B07C-D4AF911B9F3C}.Debug|Any CPU.Build.0 = Debug|Any CPU
		{2D981287-0C30-41BD-B07C-D4AF911B9F3C}.Release|Any CPU.ActiveCfg = Release|Any CPU
		{2D981287-0C30-41BD-B07C-D4AF911B9F3C}.Release|Any CPU.Build.0 = Release|Any CPU
		{214BEF20-BD1A-4136-8DEB-3DE30B5A997D}.Debug|Any CPU.ActiveCfg = Debug|Any CPU
		{214BEF20-BD1A-4136-8DEB-3DE30B5A997D}.Debug|Any CPU.Build.0 = Debug|Any CPU
		{214BEF20-BD1A-4136-8DEB-3DE30B5A997D}.Release|Any CPU.ActiveCfg = Release|Any CPU
		{214BEF20-BD1A-4136-8DEB-3DE30B5A997D}.Release|Any CPU.Build.0 = Release|Any CPU
		{1D6978E1-0FE1-4DA3-AAFD-BC5ADD00115F}.Debug|Any CPU.ActiveCfg = Debug|Any CPU
		{1D6978E1-0FE1-4DA3-AAFD-BC5ADD00115F}.Debug|Any CPU.Build.0 = Debug|Any CPU
		{1D6978E1-0FE1-4DA3-AAFD-BC5ADD00115F}.Release|Any CPU.ActiveCfg = Release|Any CPU
		{1D6978E1-0FE1-4DA3-AAFD-BC5ADD00115F}.Release|Any CPU.Build.0 = Release|Any CPU
		{03B9FC29-832F-4810-B09D-3D051E5C38D9}.Debug|Any CPU.ActiveCfg = Debug|Any CPU
		{03B9FC29-832F-4810-B09D-3D051E5C38D9}.Debug|Any CPU.Build.0 = Debug|Any CPU
		{03B9FC29-832F-4810-B09D-3D051E5C38D9}.Release|Any CPU.ActiveCfg = Release|Any CPU
		{03B9FC29-832F-4810-B09D-3D051E5C38D9}.Release|Any CPU.Build.0 = Release|Any CPU
	EndGlobalSection
	GlobalSection(SolutionProperties) = preSolution
		HideSolutionNode = FALSE
	EndGlobalSection
	GlobalSection(ExtensibilityGlobals) = postSolution
		SolutionGuid = {2F0E8807-4E24-49FF-9531-DA18AC1528AD}
	EndGlobalSection
EndGlobal
